<?xml version="1.0" encoding="utf-8"?>
<Project ToolsVersion="4.0" xmlns="http://schemas.microsoft.com/developer/msbuild/2003">
  <ItemGroup>
    <Filter Include="Source Files">
      <UniqueIdentifier>{4FC737F1-C7A5-4376-A066-2A32D752A2FF}</UniqueIdentifier>
      <Extensions>cpp;c;cc;cxx;c++;cppm;ixx;def;odl;idl;hpj;bat;asm;asmx</Extensions>
    </Filter>
    <Filter Include="Header Files">
      <UniqueIdentifier>{93995380-89BD-4b04-88EB-625FBE52EBFB}</UniqueIdentifier>
      <Extensions>h;hh;hpp;hxx;h++;hm;inl;inc;ipp;xsd</Extensions>
    </Filter>
    <Filter Include="Resource Files">
      <UniqueIdentifier>{67DA6AB6-F800-4c08-8B7A-83BB121AAD01}</UniqueIdentifier>
      <Extensions>rc;ico;cur;bmp;dlg;rc2;rct;bin;rgs;gif;jpg;jpeg;jpe;resx;tiff;tif;png;wav;mfcribbon-ms</Extensions>
    </Filter>
  </ItemGroup>
  <ItemGroup>
    <ClCompile Include="tests\brigadier_header_only_test.cpp">
      <Filter>Source Files</Filter>
    </ClCompile>
  </ItemGroup>
  <ItemGroup>
    <ClInclude Include="include\header-only\brigadier\Arguments\ArgumentRegister.hpp">
      <Filter>Header Files</Filter>
    </ClInclude>
    <ClInclude Include="include\header-only\brigadier\Arguments\ArgumentType.hpp">
      <Filter>Header Files</Filter>
    </ClInclude>
    <ClInclude Include="include\header-only\brigadier\Builder\ArgumentBuilder.hpp">
      <Filter>Header Files</Filter>
    </ClInclude>
    <ClInclude Include="include\header-only\brigadier\Builder\LiteralArgumentBuilder.hpp">
      <Filter>Header Files</Filter>
    </ClInclude>
    <ClInclude Include="include\header-only\brigadier\Builder\MultiArgumentBuilder.hpp">
      <Filter>Header Files</Filter>
    </ClInclude>
    <ClInclude Include="include\header-only\brigadier\Builder\RequiredArgumentBuilder.hpp">
      <Filter>Header Files</Filter>
    </ClInclude>
    <ClInclude Include="include\header-only\brigadier\CommandDispatcher.hpp">
      <Filter>Header Files</Filter>
    </ClInclude>
    <ClInclude Include="include\header-only\brigadier\Common.hpp">
      <Filter>Header Files</Filter>
    </ClInclude>
    <ClInclude Include="include\header-only\brigadier\Context\CommandContext.hpp">
      <Filter>Header Files</Filter>
    </ClInclude>
    <ClInclude Include="include\header-only\brigadier\Context\ParsedArgument.hpp">
      <Filter>Header Files</Filter>
    </ClInclude>
    <ClInclude Include="include\header-only\brigadier\Context\ParsedCommandNode.hpp">
      <Filter>Header Files</Filter>
    </ClInclude>
    <ClInclude Include="include\header-only\brigadier\Context\StringRange.hpp">
      <Filter>Header Files</Filter>
    </ClInclude>
    <ClInclude Include="include\header-only\brigadier\Context\SuggestionContext.hpp">
      <Filter>Header Files</Filter>
    </ClInclude>
    <ClInclude Include="include\header-only\brigadier\Exceptions\Exceptions.hpp">
      <Filter>Header Files</Filter>
    </ClInclude>
    <ClInclude Include="include\header-only\brigadier\Functional.hpp">
      <Filter>Header Files</Filter>
    </ClInclude>
    <ClInclude Include="include\header-only\brigadier\ParseResults.hpp">
      <Filter>Header Files</Filter>
    </ClInclude>
    <ClInclude Include="include\header-only\brigadier\StringReader.hpp">
      <Filter>Header Files</Filter>
    </ClInclude>
    <ClInclude Include="include\header-only\brigadier\Suggestion\Suggestion.hpp">
      <Filter>Header Files</Filter>
    </ClInclude>
    <ClInclude Include="include\header-only\brigadier\Suggestion\Suggestions.hpp">
      <Filter>Header Files</Filter>
    </ClInclude>
    <ClInclude Include="include\header-only\brigadier\Suggestion\SuggestionsBuilder.hpp">
      <Filter>Header Files</Filter>
    </ClInclude>
    <ClInclude Include="include\header-only\brigadier\Tree\ArgumentCommandNode.hpp">
      <Filter>Header Files</Filter>
    </ClInclude>
    <ClInclude Include="include\header-only\brigadier\Tree\CommandNode.hpp">
      <Filter>Header Files</Filter>
    </ClInclude>
    <ClInclude Include="include\header-only\brigadier\Tree\LiteralCommandNode.hpp">
      <Filter>Header Files</Filter>
    </ClInclude>
    <ClInclude Include="include\header-only\brigadier\Tree\RootCommandNode.hpp">
      <Filter>Header Files</Filter>
    </ClInclude>
    <ClInclude Include="tests\brigadier\Arguments\ArgumentType.hpp">
      <Filter>Header Files</Filter>
    </ClInclude>
    <ClInclude Include="tests\brigadier\Builder\ArgumentBuilder.hpp">
      <Filter>Header Files</Filter>
    </ClInclude>
    <ClInclude Include="tests\brigadier\Builder\LiteralArgumentBuilder.hpp">
      <Filter>Header Files</Filter>
    </ClInclude>
    <ClInclude Include="tests\brigadier\Builder\MultiArgumentBuilder.hpp">
      <Filter>Header Files</Filter>
    </ClInclude>
    <ClInclude Include="tests\brigadier\Builder\RequiredArgumentBuilder.hpp">
      <Filter>Header Files</Filter>
    </ClInclude>
    <ClInclude Include="tests\brigadier\CommandDispatcher.hpp">
      <Filter>Header Files</Filter>
    </ClInclude>
    <ClInclude Include="tests\brigadier\Context\CommandContext.hpp">
      <Filter>Header Files</Filter>
    </ClInclude>
    <ClInclude Include="tests\brigadier\Context\ParsedArgument.hpp">
      <Filter>Header Files</Filter>
    </ClInclude>
    <ClInclude Include="tests\brigadier\Context\ParsedCommandNode.hpp">
      <Filter>Header Files</Filter>
    </ClInclude>
    <ClInclude Include="tests\brigadier\Context\StringRange.hpp">
      <Filter>Header Files</Filter>
    </ClInclude>
    <ClInclude Include="tests\brigadier\Context\SuggestionContext.hpp">
      <Filter>Header Files</Filter>
    </ClInclude>
    <ClInclude Include="tests\brigadier\StringReader.hpp">
      <Filter>Header Files</Filter>
    </ClInclude>
    <ClInclude Include="tests\brigadier\Suggestion\Suggestion.hpp">
      <Filter>Header Files</Filter>
    </ClInclude>
    <ClInclude Include="tests\brigadier\Suggestion\Suggestions.hpp">
      <Filter>Header Files</Filter>
    </ClInclude>
    <ClInclude Include="tests\brigadier\Suggestion\SuggestionsBuilder.hpp">
      <Filter>Header Files</Filter>
    </ClInclude>
    <ClInclude Include="tests\brigadier\Tree\ArgumentCommandNode.hpp">
      <Filter>Header Files</Filter>
    </ClInclude>
    <ClInclude Include="tests\brigadier\Tree\CommandNode.hpp">
      <Filter>Header Files</Filter>
    </ClInclude>
    <ClInclude Include="tests\brigadier\Tree\LiteralCommandNode.hpp">
      <Filter>Header Files</Filter>
    </ClInclude>
    <ClInclude Include="tests\brigadier\Tree\RootCommandNode.hpp">
      <Filter>Header Files</Filter>
    </ClInclude>
    <ClInclude Include="tests\CommonTest.hpp">
      <Filter>Header Files</Filter>
    </ClInclude>
    <ClInclude Include="tests\TestAll.h">
      <Filter>Header Files</Filter>
    </ClInclude>
  </ItemGroup>
</Project>